{
  "pins" : [
    {
      "identity" : "superchargecore",
      "kind" : "remoteSourceControl",
      "location" : "https://github.com/SuperchargeApp/SuperchargeCore",
      "state" : {
        "revision" : "570d27aa538379f94196ec44bae440ef243bb666",
        "version" : "1.1.1"
      }
    }
  ],
  "version" : 2
}
