{
  "originHash" : "cba02d5bfa8bf286b968c3ad5ab7577fc2d1a03b24ff631e6f17fcdc1fc04f08",
  "pins" : [
    {
      "identity" : "swift-concurrency-extras",
      "kind" : "remoteSourceControl",
      "location" : "https://github.com/pointfreeco/swift-concurrency-extras.git",
      "state" : {
        "revision" : "82a4ae7170d98d8538ec77238b7eb8e7199ef2e8",
        "version" : "1.3.1"
      }
    },
    {
      "identity" : "xtool-core",
      "kind" : "remoteSourceControl",
      "location" : "https://github.com/xtool-org/xtool-core",
      "state" : {
        "revision" : "63c644eef014f7faff53daaebe8bad37c31fbbe5",
        "version" : "1.3.0"
      }
    }
  ],
  "version" : 3
}
